// !$*UTF8*$!
{
	archiveVersion = 1;
	classes = {
	};
	objectVersion = 46;
	objects = {

/* Begin PBXBuildFile section */
		8B0BFA15174DEB5600E719CC /* UIKit.framework in Frameworks */ = {isa = PBXBuildFile; fileRef = 8B0BFA14174DEB5600E719CC /* UIKit.framework */; };
		8B0BFA17174DEB5600E719CC /* Foundation.framework in Frameworks */ = {isa = PBXBuildFile; fileRef = 8B0BFA16174DEB5600E719CC /* Foundation.framework */; };
		8B0BFA19174DEB5600E719CC /* CoreGraphics.framework in Frameworks */ = {isa = PBXBuildFile; fileRef = 8B0BFA18174DEB5600E719CC /* CoreGraphics.framework */; };
		8B0BFA1F174DEB5600E719CC /* InfoPlist.strings in Resources */ = {isa = PBXBuildFile; fileRef = 8B0BFA1D174DEB5600E719CC /* InfoPlist.strings */; };
		8B0BFA21174DEB5600E719CC /* main.m in Sources */ = {isa = PBXBuildFile; fileRef = 8B0BFA20174DEB5600E719CC /* main.m */; };
		8B0BFA25174DEB5600E719CC /* ArtIMessageAppDelegate.m in Sources */ = {isa = PBXBuildFile; fileRef = 8B0BFA24174DEB5600E719CC /* ArtIMessageAppDelegate.m */; };
		8B0BFA27174DEB5600E719CC /* Default.png in Resources */ = {isa = PBXBuildFile; fileRef = 8B0BFA26174DEB5600E719CC /* Default.png */; };
		8B0BFA29174DEB5600E719CC /* Default@2x.png in Resources */ = {isa = PBXBuildFile; fileRef = 8B0BFA28174DEB5600E719CC /* Default@2x.png */; };
		8B0BFA2B174DEB5600E719CC /* Default-568h@2x.png in Resources */ = {isa = PBXBuildFile; fileRef = 8B0BFA2A174DEB5600E719CC /* Default-568h@2x.png */; };
		8B0BFA99174DEC5800E719CC /* XMPPAnonymousAuthentication.m in Sources */ = {isa = PBXBuildFile; fileRef = 8B0BFA37174DEC5700E719CC /* XMPPAnonymousAuthentication.m */; };
		8B0BFA9A174DEC5800E719CC /* XMPPDeprecatedDigestAuthentication.m in Sources */ = {isa = PBXBuildFile; fileRef = 8B0BFA3A174DEC5700E719CC /* XMPPDeprecatedDigestAuthentication.m */; };
		8B0BFA9B174DEC5800E719CC /* XMPPDeprecatedPlainAuthentication.m in Sources */ = {isa = PBXBuildFile; fileRef = 8B0BFA3D174DEC5700E719CC /* XMPPDeprecatedPlainAuthentication.m */; };
		8B0BFA9C174DEC5800E719CC /* XMPPDigestMD5Authentication.m in Sources */ = {isa = PBXBuildFile; fileRef = 8B0BFA40174DEC5700E719CC /* XMPPDigestMD5Authentication.m */; };
		8B0BFA9D174DEC5800E719CC /* XMPPPlainAuthentication.m in Sources */ = {isa = PBXBuildFile; fileRef = 8B0BFA43174DEC5700E719CC /* XMPPPlainAuthentication.m */; };
		8B0BFA9E174DEC5800E719CC /* XMPPXFacebookPlatformAuthentication.m in Sources */ = {isa = PBXBuildFile; fileRef = 8B0BFA46174DEC5700E719CC /* XMPPXFacebookPlatformAuthentication.m */; };
		8B0BFA9F174DEC5800E719CC /* NSData+XMPP.m in Sources */ = {isa = PBXBuildFile; fileRef = 8B0BFA4A174DEC5800E719CC /* NSData+XMPP.m */; };
		8B0BFAA0174DEC5800E719CC /* NSNumber+XMPP.m in Sources */ = {isa = PBXBuildFile; fileRef = 8B0BFA4C174DEC5800E719CC /* NSNumber+XMPP.m */; };
		8B0BFAA1174DEC5800E719CC /* NSXMLElement+XMPP.m in Sources */ = {isa = PBXBuildFile; fileRef = 8B0BFA4E174DEC5800E719CC /* NSXMLElement+XMPP.m */; };
		8B0BFAA2174DEC5800E719CC /* XMPPElement.m in Sources */ = {isa = PBXBuildFile; fileRef = 8B0BFA52174DEC5800E719CC /* XMPPElement.m */; };
		8B0BFAA3174DEC5800E719CC /* XMPPIQ.m in Sources */ = {isa = PBXBuildFile; fileRef = 8B0BFA55174DEC5800E719CC /* XMPPIQ.m */; };
		8B0BFAA4174DEC5800E719CC /* XMPPJID.m in Sources */ = {isa = PBXBuildFile; fileRef = 8B0BFA57174DEC5800E719CC /* XMPPJID.m */; };
		8B0BFAA5174DEC5800E719CC /* XMPPMessage.m in Sources */ = {isa = PBXBuildFile; fileRef = 8B0BFA5A174DEC5800E719CC /* XMPPMessage.m */; };
		8B0BFAA6174DEC5800E719CC /* XMPPModule.m in Sources */ = {isa = PBXBuildFile; fileRef = 8B0BFA5C174DEC5800E719CC /* XMPPModule.m */; };
		8B0BFAA7174DEC5800E719CC /* XMPPParser.m in Sources */ = {isa = PBXBuildFile; fileRef = 8B0BFA5E174DEC5800E719CC /* XMPPParser.m */; };
		8B0BFAA8174DEC5800E719CC /* XMPPPresence.m in Sources */ = {isa = PBXBuildFile; fileRef = 8B0BFA60174DEC5800E719CC /* XMPPPresence.m */; };
		8B0BFAA9174DEC5800E719CC /* XMPPStream.m in Sources */ = {isa = PBXBuildFile; fileRef = 8B0BFA62174DEC5800E719CC /* XMPPStream.m */; };
		8B0BFAAA174DEC5800E719CC /* DDList.m in Sources */ = {isa = PBXBuildFile; fileRef = 8B0BFA65174DEC5800E719CC /* DDList.m */; };
		8B0BFAAB174DEC5800E719CC /* GCDMulticastDelegate.m in Sources */ = {isa = PBXBuildFile; fileRef = 8B0BFA67174DEC5800E719CC /* GCDMulticastDelegate.m */; };
		8B0BFAAC174DEC5800E719CC /* LibIDN.m in Sources */ = {isa = PBXBuildFile; fileRef = 8B0BFA69174DEC5800E719CC /* LibIDN.m */; };
		8B0BFAAD174DEC5800E719CC /* RFImageToDataTransformer.m in Sources */ = {isa = PBXBuildFile; fileRef = 8B0BFA6B174DEC5800E719CC /* RFImageToDataTransformer.m */; };
		8B0BFAAE174DEC5800E719CC /* XMPPIDTracker.m in Sources */ = {isa = PBXBuildFile; fileRef = 8B0BFA6D174DEC5800E719CC /* XMPPIDTracker.m */; };
		8B0BFAAF174DEC5800E719CC /* XMPPSRVResolver.m in Sources */ = {isa = PBXBuildFile; fileRef = 8B0BFA6F174DEC5800E719CC /* XMPPSRVResolver.m */; };
		8B0BFAB0174DEC5800E719CC /* GCDAsyncSocket.m in Sources */ = {isa = PBXBuildFile; fileRef = 8B0BFA73174DEC5800E719CC /* GCDAsyncSocket.m */; };
		8B0BFAB1174DEC5800E719CC /* DDAbstractDatabaseLogger.m in Sources */ = {isa = PBXBuildFile; fileRef = 8B0BFA76174DEC5800E719CC /* DDAbstractDatabaseLogger.m */; };
		8B0BFAB2174DEC5800E719CC /* DDASLLogger.m in Sources */ = {isa = PBXBuildFile; fileRef = 8B0BFA78174DEC5800E719CC /* DDASLLogger.m */; };
		8B0BFAB3174DEC5800E719CC /* DDFileLogger.m in Sources */ = {isa = PBXBuildFile; fileRef = 8B0BFA7A174DEC5800E719CC /* DDFileLogger.m */; };
		8B0BFAB4174DEC5800E719CC /* DDLog.m in Sources */ = {isa = PBXBuildFile; fileRef = 8B0BFA7C174DEC5800E719CC /* DDLog.m */; };
		8B0BFAB5174DEC5800E719CC /* DDTTYLogger.m in Sources */ = {isa = PBXBuildFile; fileRef = 8B0BFA7E174DEC5800E719CC /* DDTTYLogger.m */; };
		8B0BFAB6174DEC5800E719CC /* ContextFilterLogFormatter.m in Sources */ = {isa = PBXBuildFile; fileRef = 8B0BFA81174DEC5800E719CC /* ContextFilterLogFormatter.m */; };
		8B0BFAB7174DEC5800E719CC /* DispatchQueueLogFormatter.m in Sources */ = {isa = PBXBuildFile; fileRef = 8B0BFA83174DEC5800E719CC /* DispatchQueueLogFormatter.m */; };
		8B0BFAB8174DEC5800E719CC /* README.txt in Resources */ = {isa = PBXBuildFile; fileRef = 8B0BFA84174DEC5800E719CC /* README.txt */; };
		8B0BFABA174DEC5800E719CC /* NSString+DDXML.m in Sources */ = {isa = PBXBuildFile; fileRef = 8B0BFA8A174DEC5800E719CC /* NSString+DDXML.m */; };
		8B0BFABB174DEC5800E719CC /* DDXMLDocument.m in Sources */ = {isa = PBXBuildFile; fileRef = 8B0BFA8D174DEC5800E719CC /* DDXMLDocument.m */; };
		8B0BFABC174DEC5800E719CC /* DDXMLElement.m in Sources */ = {isa = PBXBuildFile; fileRef = 8B0BFA8F174DEC5800E719CC /* DDXMLElement.m */; };
		8B0BFABD174DEC5800E719CC /* DDXMLNode.m in Sources */ = {isa = PBXBuildFile; fileRef = 8B0BFA91174DEC5800E719CC /* DDXMLNode.m */; };
		8B0BFABE174DEC5800E719CC /* build-libidn.sh in Resources */ = {isa = PBXBuildFile; fileRef = 8B0BFA95174DEC5800E719CC /* build-libidn.sh */; };
		8B0BFABF174DEC5800E719CC /* libidn.a in Frameworks */ = {isa = PBXBuildFile; fileRef = 8B0BFA97174DEC5800E719CC /* libidn.a */; };
		8B0BFAC1174DECA300E719CC /* Security.framework in Frameworks */ = {isa = PBXBuildFile; fileRef = 8B0BFAC0174DECA300E719CC /* Security.framework */; };
		8B0BFAC3174DECA900E719CC /* CFNetwork.framework in Frameworks */ = {isa = PBXBuildFile; fileRef = 8B0BFAC2174DECA900E719CC /* CFNetwork.framework */; };
		8B0BFAC5174DECAF00E719CC /* libresolv.dylib in Frameworks */ = {isa = PBXBuildFile; fileRef = 8B0BFAC4174DECAF00E719CC /* libresolv.dylib */; };
		8B0BFAC7174DECB400E719CC /* libxml2.dylib in Frameworks */ = {isa = PBXBuildFile; fileRef = 8B0BFAC6174DECB400E719CC /* libxml2.dylib */; };
		8B0BFB1B174DF8CE00E719CC /* ArtIMessageViewController.m in Sources */ = {isa = PBXBuildFile; fileRef = 8B0BFB1A174DF8CE00E719CC /* ArtIMessageViewController.m */; };
		8B0BFB29174E058E00E719CC /* IMMessageViewController.m in Sources */ = {isa = PBXBuildFile; fileRef = 8B0BFB27174E058E00E719CC /* IMMessageViewController.m */; };
		8B0BFB2D174E081B00E719CC /* bar1.png in Resources */ = {isa = PBXBuildFile; fileRef = 8B0BFB2B174E081B00E719CC /* bar1.png */; };
		8B0BFB2E174E081B00E719CC /* bar1@2x.png in Resources */ = {isa = PBXBuildFile; fileRef = 8B0BFB2C174E081B00E719CC /* bar1@2x.png */; };
		8B0BFB33174E0E9900E719CC /* IMMessageViewController.xib in Resources */ = {isa = PBXBuildFile; fileRef = 8B0BFB32174E0E9900E719CC /* IMMessageViewController.xib */; };
		8B0BFB37174E180100E719CC /* IMAddressBookController.m in Sources */ = {isa = PBXBuildFile; fileRef = 8B0BFB35174E180000E719CC /* IMAddressBookController.m */; };
		8B0BFB38174E180100E719CC /* IMAddressBookController.xib in Resources */ = {isa = PBXBuildFile; fileRef = 8B0BFB36174E180100E719CC /* IMAddressBookController.xib */; };
		8B0BFB3B174F04D900E719CC /* RequestURL.m in Sources */ = {isa = PBXBuildFile; fileRef = 8B0BFB3A174F04D900E719CC /* RequestURL.m */; };
		8B0BFB3E174F061000E719CC /* libsqlite3.0.dylib in Frameworks */ = {isa = PBXBuildFile; fileRef = 8B0BFB3D174F061000E719CC /* libsqlite3.0.dylib */; };
		8B0BFB42174F0AB300E719CC /* AddressBook.m in Sources */ = {isa = PBXBuildFile; fileRef = 8B0BFB41174F0AB300E719CC /* AddressBook.m */; };
		8B0BFB50174F3C4D00E719CC /* LoginViewController.m in Sources */ = {isa = PBXBuildFile; fileRef = 8B0BFB4E174F3C4D00E719CC /* LoginViewController.m */; };
		8B0BFB51174F3C4D00E719CC /* LoginViewController.xib in Resources */ = {isa = PBXBuildFile; fileRef = 8B0BFB4F174F3C4D00E719CC /* LoginViewController.xib */; };
		8B9D36201755DDFD002DE0DC /* ASIAuthenticationDialog.m in Sources */ = {isa = PBXBuildFile; fileRef = 8B9D360A1755DDFD002DE0DC /* ASIAuthenticationDialog.m */; settings = {COMPILER_FLAGS = "-fno-objc-arc"; }; };
		8B9D36211755DDFD002DE0DC /* ASIDataCompressor.m in Sources */ = {isa = PBXBuildFile; fileRef = 8B9D360D1755DDFD002DE0DC /* ASIDataCompressor.m */; settings = {COMPILER_FLAGS = "-fno-objc-arc"; }; };
		8B9D36221755DDFD002DE0DC /* ASIDataDecompressor.m in Sources */ = {isa = PBXBuildFile; fileRef = 8B9D360F1755DDFD002DE0DC /* ASIDataDecompressor.m */; settings = {COMPILER_FLAGS = "-fno-objc-arc"; }; };
		8B9D36231755DDFD002DE0DC /* ASIDownloadCache.m in Sources */ = {isa = PBXBuildFile; fileRef = 8B9D36111755DDFD002DE0DC /* ASIDownloadCache.m */; settings = {COMPILER_FLAGS = "-fno-objc-arc"; }; };
		8B9D36241755DDFD002DE0DC /* ASIFormDataRequest.m in Sources */ = {isa = PBXBuildFile; fileRef = 8B9D36131755DDFD002DE0DC /* ASIFormDataRequest.m */; settings = {COMPILER_FLAGS = "-fno-objc-arc"; }; };
		8B9D36251755DDFD002DE0DC /* ASIHTTPRequest.m in Sources */ = {isa = PBXBuildFile; fileRef = 8B9D36151755DDFD002DE0DC /* ASIHTTPRequest.m */; settings = {COMPILER_FLAGS = "-fno-objc-arc"; }; };
		8B9D36261755DDFD002DE0DC /* ASIInputStream.m in Sources */ = {isa = PBXBuildFile; fileRef = 8B9D36191755DDFD002DE0DC /* ASIInputStream.m */; settings = {COMPILER_FLAGS = "-fno-objc-arc"; }; };
		8B9D36271755DDFD002DE0DC /* ASINetworkQueue.m in Sources */ = {isa = PBXBuildFile; fileRef = 8B9D361B1755DDFD002DE0DC /* ASINetworkQueue.m */; settings = {COMPILER_FLAGS = "-fno-objc-arc"; }; };
		8B9D36281755DDFD002DE0DC /* Reachability.m in Sources */ = {isa = PBXBuildFile; fileRef = 8B9D361F1755DDFD002DE0DC /* Reachability.m */; settings = {COMPILER_FLAGS = "-fno-objc-arc"; }; };
		8B9D362C1755DE08002DE0DC /* JSONKit.m in Sources */ = {isa = PBXBuildFile; fileRef = 8B9D362B1755DE08002DE0DC /* JSONKit.m */; settings = {COMPILER_FLAGS = "-fno-objc-arc"; }; };
		8B9D36461755FC83002DE0DC /* ArtIMessageService.m in Sources */ = {isa = PBXBuildFile; fileRef = 8B9D36451755FC83002DE0DC /* ArtIMessageService.m */; };
		8B9D36491755FD3B002DE0DC /* NetWorkData.m in Sources */ = {isa = PBXBuildFile; fileRef = 8B9D36481755FD3B002DE0DC /* NetWorkData.m */; };
		8B9D364B1755FD9A002DE0DC /* CoreLocation.framework in Frameworks */ = {isa = PBXBuildFile; fileRef = 8B9D364A1755FD9A002DE0DC /* CoreLocation.framework */; };
		8B9D364D1755FDA9002DE0DC /* CoreTelephony.framework in Frameworks */ = {isa = PBXBuildFile; fileRef = 8B9D364C1755FDA9002DE0DC /* CoreTelephony.framework */; };
		8B9D364F1755FDB1002DE0DC /* QuartzCore.framework in Frameworks */ = {isa = PBXBuildFile; fileRef = 8B9D364E1755FDB1002DE0DC /* QuartzCore.framework */; };
		8B9D36511755FDB8002DE0DC /* MobileCoreServices.framework in Frameworks */ = {isa = PBXBuildFile; fileRef = 8B9D36501755FDB8002DE0DC /* MobileCoreServices.framework */; };
		8B9D36531755FDC1002DE0DC /* libz.dylib in Frameworks */ = {isa = PBXBuildFile; fileRef = 8B9D36521755FDC1002DE0DC /* libz.dylib */; };
		8B9D36551755FE60002DE0DC /* SystemConfiguration.framework in Frameworks */ = {isa = PBXBuildFile; fileRef = 8B9D36541755FE60002DE0DC /* SystemConfiguration.framework */; };
/* End PBXBuildFile section */

/* Begin PBXFileReference section */
		8B0BFA11174DEB5600E719CC /* ArtIMessage.app */ = {isa = PBXFileReference; explicitFileType = wrapper.application; includeInIndex = 0; path = ArtIMessage.app; sourceTree = BUILT_PRODUCTS_DIR; };
		8B0BFA14174DEB5600E719CC /* UIKit.framework */ = {isa = PBXFileReference; lastKnownFileType = wrapper.framework; name = UIKit.framework; path = System/Library/Frameworks/UIKit.framework; sourceTree = SDKROOT; };
		8B0BFA16174DEB5600E719CC /* Foundation.framework */ = {isa = PBXFileReference; lastKnownFileType = wrapper.framework; name = Foundation.framework; path = System/Library/Frameworks/Foundation.framework; sourceTree = SDKROOT; };
		8B0BFA18174DEB5600E719CC /* CoreGraphics.framework */ = {isa = PBXFileReference; lastKnownFileType = wrapper.framework; name = CoreGraphics.framework; path = System/Library/Frameworks/CoreGraphics.framework; sourceTree = SDKROOT; };
		8B0BFA1C174DEB5600E719CC /* ArtIMessage-Info.plist */ = {isa = PBXFileReference; lastKnownFileType = text.plist.xml; path = "ArtIMessage-Info.plist"; sourceTree = "<group>"; };
		8B0BFA1E174DEB5600E719CC /* en */ = {isa = PBXFileReference; lastKnownFileType = text.plist.strings; name = en; path = en.lproj/InfoPlist.strings; sourceTree = "<group>"; };
		8B0BFA20174DEB5600E719CC /* main.m */ = {isa = PBXFileReference; lastKnownFileType = sourcecode.c.objc; path = main.m; sourceTree = "<group>"; };
		8B0BFA22174DEB5600E719CC /* ArtIMessage-Prefix.pch */ = {isa = PBXFileReference; lastKnownFileType = sourcecode.c.h; path = "ArtIMessage-Prefix.pch"; sourceTree = "<group>"; };
		8B0BFA23174DEB5600E719CC /* ArtIMessageAppDelegate.h */ = {isa = PBXFileReference; lastKnownFileType = sourcecode.c.h; path = ArtIMessageAppDelegate.h; sourceTree = "<group>"; };
		8B0BFA24174DEB5600E719CC /* ArtIMessageAppDelegate.m */ = {isa = PBXFileReference; lastKnownFileType = sourcecode.c.objc; path = ArtIMessageAppDelegate.m; sourceTree = "<group>"; };
		8B0BFA26174DEB5600E719CC /* Default.png */ = {isa = PBXFileReference; lastKnownFileType = image.png; path = Default.png; sourceTree = "<group>"; };
		8B0BFA28174DEB5600E719CC /* Default@2x.png */ = {isa = PBXFileReference; lastKnownFileType = image.png; path = "Default@2x.png"; sourceTree = "<group>"; };
		8B0BFA2A174DEB5600E719CC /* Default-568h@2x.png */ = {isa = PBXFileReference; lastKnownFileType = image.png; path = "Default-568h@2x.png"; sourceTree = "<group>"; };
		8B0BFA36174DEC5700E719CC /* XMPPAnonymousAuthentication.h */ = {isa = PBXFileReference; fileEncoding = 4; lastKnownFileType = sourcecode.c.h; path = XMPPAnonymousAuthentication.h; sourceTree = "<group>"; };
		8B0BFA37174DEC5700E719CC /* XMPPAnonymousAuthentication.m */ = {isa = PBXFileReference; fileEncoding = 4; lastKnownFileType = sourcecode.c.objc; path = XMPPAnonymousAuthentication.m; sourceTree = "<group>"; };
		8B0BFA39174DEC5700E719CC /* XMPPDeprecatedDigestAuthentication.h */ = {isa = PBXFileReference; fileEncoding = 4; lastKnownFileType = sourcecode.c.h; path = XMPPDeprecatedDigestAuthentication.h; sourceTree = "<group>"; };
		8B0BFA3A174DEC5700E719CC /* XMPPDeprecatedDigestAuthentication.m */ = {isa = PBXFileReference; fileEncoding = 4; lastKnownFileType = sourcecode.c.objc; path = XMPPDeprecatedDigestAuthentication.m; sourceTree = "<group>"; };
		8B0BFA3C174DEC5700E719CC /* XMPPDeprecatedPlainAuthentication.h */ = {isa = PBXFileReference; fileEncoding = 4; lastKnownFileType = sourcecode.c.h; path = XMPPDeprecatedPlainAuthentication.h; sourceTree = "<group>"; };
		8B0BFA3D174DEC5700E719CC /* XMPPDeprecatedPlainAuthentication.m */ = {isa = PBXFileReference; fileEncoding = 4; lastKnownFileType = sourcecode.c.objc; path = XMPPDeprecatedPlainAuthentication.m; sourceTree = "<group>"; };
		8B0BFA3F174DEC5700E719CC /* XMPPDigestMD5Authentication.h */ = {isa = PBXFileReference; fileEncoding = 4; lastKnownFileType = sourcecode.c.h; path = XMPPDigestMD5Authentication.h; sourceTree = "<group>"; };
		8B0BFA40174DEC5700E719CC /* XMPPDigestMD5Authentication.m */ = {isa = PBXFileReference; fileEncoding = 4; lastKnownFileType = sourcecode.c.objc; path = XMPPDigestMD5Authentication.m; sourceTree = "<group>"; };
		8B0BFA42174DEC5700E719CC /* XMPPPlainAuthentication.h */ = {isa = PBXFileReference; fileEncoding = 4; lastKnownFileType = sourcecode.c.h; path = XMPPPlainAuthentication.h; sourceTree = "<group>"; };
		8B0BFA43174DEC5700E719CC /* XMPPPlainAuthentication.m */ = {isa = PBXFileReference; fileEncoding = 4; lastKnownFileType = sourcecode.c.objc; path = XMPPPlainAuthentication.m; sourceTree = "<group>"; };
		8B0BFA45174DEC5700E719CC /* XMPPXFacebookPlatformAuthentication.h */ = {isa = PBXFileReference; fileEncoding = 4; lastKnownFileType = sourcecode.c.h; path = XMPPXFacebookPlatformAuthentication.h; sourceTree = "<group>"; };
		8B0BFA46174DEC5700E719CC /* XMPPXFacebookPlatformAuthentication.m */ = {isa = PBXFileReference; fileEncoding = 4; lastKnownFileType = sourcecode.c.objc; path = XMPPXFacebookPlatformAuthentication.m; sourceTree = "<group>"; };
		8B0BFA47174DEC5700E719CC /* XMPPSASLAuthentication.h */ = {isa = PBXFileReference; fileEncoding = 4; lastKnownFileType = sourcecode.c.h; path = XMPPSASLAuthentication.h; sourceTree = "<group>"; };
		8B0BFA49174DEC5800E719CC /* NSData+XMPP.h */ = {isa = PBXFileReference; fileEncoding = 4; lastKnownFileType = sourcecode.c.h; path = "NSData+XMPP.h"; sourceTree = "<group>"; };
		8B0BFA4A174DEC5800E719CC /* NSData+XMPP.m */ = {isa = PBXFileReference; fileEncoding = 4; lastKnownFileType = sourcecode.c.objc; path = "NSData+XMPP.m"; sourceTree = "<group>"; };
		8B0BFA4B174DEC5800E719CC /* NSNumber+XMPP.h */ = {isa = PBXFileReference; fileEncoding = 4; lastKnownFileType = sourcecode.c.h; path = "NSNumber+XMPP.h"; sourceTree = "<group>"; };
		8B0BFA4C174DEC5800E719CC /* NSNumber+XMPP.m */ = {isa = PBXFileReference; fileEncoding = 4; lastKnownFileType = sourcecode.c.objc; path = "NSNumber+XMPP.m"; sourceTree = "<group>"; };
		8B0BFA4D174DEC5800E719CC /* NSXMLElement+XMPP.h */ = {isa = PBXFileReference; fileEncoding = 4; lastKnownFileType = sourcecode.c.h; path = "NSXMLElement+XMPP.h"; sourceTree = "<group>"; };
		8B0BFA4E174DEC5800E719CC /* NSXMLElement+XMPP.m */ = {isa = PBXFileReference; fileEncoding = 4; lastKnownFileType = sourcecode.c.objc; path = "NSXMLElement+XMPP.m"; sourceTree = "<group>"; };
		8B0BFA50174DEC5800E719CC /* XMPP.h */ = {isa = PBXFileReference; fileEncoding = 4; lastKnownFileType = sourcecode.c.h; path = XMPP.h; sourceTree = "<group>"; };
		8B0BFA51174DEC5800E719CC /* XMPPElement.h */ = {isa = PBXFileReference; fileEncoding = 4; lastKnownFileType = sourcecode.c.h; path = XMPPElement.h; sourceTree = "<group>"; };
		8B0BFA52174DEC5800E719CC /* XMPPElement.m */ = {isa = PBXFileReference; fileEncoding = 4; lastKnownFileType = sourcecode.c.objc; path = XMPPElement.m; sourceTree = "<group>"; };
		8B0BFA53174DEC5800E719CC /* XMPPInternal.h */ = {isa = PBXFileReference; fileEncoding = 4; lastKnownFileType = sourcecode.c.h; path = XMPPInternal.h; sourceTree = "<group>"; };
		8B0BFA54174DEC5800E719CC /* XMPPIQ.h */ = {isa = PBXFileReference; fileEncoding = 4; lastKnownFileType = sourcecode.c.h; path = XMPPIQ.h; sourceTree = "<group>"; };
		8B0BFA55174DEC5800E719CC /* XMPPIQ.m */ = {isa = PBXFileReference; fileEncoding = 4; lastKnownFileType = sourcecode.c.objc; path = XMPPIQ.m; sourceTree = "<group>"; };
		8B0BFA56174DEC5800E719CC /* XMPPJID.h */ = {isa = PBXFileReference; fileEncoding = 4; lastKnownFileType = sourcecode.c.h; path = XMPPJID.h; sourceTree = "<group>"; };
		8B0BFA57174DEC5800E719CC /* XMPPJID.m */ = {isa = PBXFileReference; fileEncoding = 4; lastKnownFileType = sourcecode.c.objc; path = XMPPJID.m; sourceTree = "<group>"; };
		8B0BFA58174DEC5800E719CC /* XMPPLogging.h */ = {isa = PBXFileReference; fileEncoding = 4; lastKnownFileType = sourcecode.c.h; path = XMPPLogging.h; sourceTree = "<group>"; };
		8B0BFA59174DEC5800E719CC /* XMPPMessage.h */ = {isa = PBXFileReference; fileEncoding = 4; lastKnownFileType = sourcecode.c.h; path = XMPPMessage.h; sourceTree = "<group>"; };
		8B0BFA5A174DEC5800E719CC /* XMPPMessage.m */ = {isa = PBXFileReference; fileEncoding = 4; lastKnownFileType = sourcecode.c.objc; path = XMPPMessage.m; sourceTree = "<group>"; };
		8B0BFA5B174DEC5800E719CC /* XMPPModule.h */ = {isa = PBXFileReference; fileEncoding = 4; lastKnownFileType = sourcecode.c.h; path = XMPPModule.h; sourceTree = "<group>"; };
		8B0BFA5C174DEC5800E719CC /* XMPPModule.m */ = {isa = PBXFileReference; fileEncoding = 4; lastKnownFileType = sourcecode.c.objc; path = XMPPModule.m; sourceTree = "<group>"; };
		8B0BFA5D174DEC5800E719CC /* XMPPParser.h */ = {isa = PBXFileReference; fileEncoding = 4; lastKnownFileType = sourcecode.c.h; path = XMPPParser.h; sourceTree = "<group>"; };
		8B0BFA5E174DEC5800E719CC /* XMPPParser.m */ = {isa = PBXFileReference; fileEncoding = 4; lastKnownFileType = sourcecode.c.objc; path = XMPPParser.m; sourceTree = "<group>"; };
		8B0BFA5F174DEC5800E719CC /* XMPPPresence.h */ = {isa = PBXFileReference; fileEncoding = 4; lastKnownFileType = sourcecode.c.h; path = XMPPPresence.h; sourceTree = "<group>"; };
		8B0BFA60174DEC5800E719CC /* XMPPPresence.m */ = {isa = PBXFileReference; fileEncoding = 4; lastKnownFileType = sourcecode.c.objc; path = XMPPPresence.m; sourceTree = "<group>"; };
		8B0BFA61174DEC5800E719CC /* XMPPStream.h */ = {isa = PBXFileReference; fileEncoding = 4; lastKnownFileType = sourcecode.c.h; path = XMPPStream.h; sourceTree = "<group>"; };
		8B0BFA62174DEC5800E719CC /* XMPPStream.m */ = {isa = PBXFileReference; fileEncoding = 4; lastKnownFileType = sourcecode.c.objc; path = XMPPStream.m; sourceTree = "<group>"; };
		8B0BFA64174DEC5800E719CC /* DDList.h */ = {isa = PBXFileReference; fileEncoding = 4; lastKnownFileType = sourcecode.c.h; path = DDList.h; sourceTree = "<group>"; };
		8B0BFA65174DEC5800E719CC /* DDList.m */ = {isa = PBXFileReference; fileEncoding = 4; lastKnownFileType = sourcecode.c.objc; path = DDList.m; sourceTree = "<group>"; };
		8B0BFA66174DEC5800E719CC /* GCDMulticastDelegate.h */ = {isa = PBXFileReference; fileEncoding = 4; lastKnownFileType = sourcecode.c.h; path = GCDMulticastDelegate.h; sourceTree = "<group>"; };
		8B0BFA67174DEC5800E719CC /* GCDMulticastDelegate.m */ = {isa = PBXFileReference; fileEncoding = 4; lastKnownFileType = sourcecode.c.objc; path = GCDMulticastDelegate.m; sourceTree = "<group>"; };
		8B0BFA68174DEC5800E719CC /* LibIDN.h */ = {isa = PBXFileReference; fileEncoding = 4; lastKnownFileType = sourcecode.c.h; path = LibIDN.h; sourceTree = "<group>"; };
		8B0BFA69174DEC5800E719CC /* LibIDN.m */ = {isa = PBXFileReference; fileEncoding = 4; lastKnownFileType = sourcecode.c.objc; path = LibIDN.m; sourceTree = "<group>"; };
		8B0BFA6A174DEC5800E719CC /* RFImageToDataTransformer.h */ = {isa = PBXFileReference; fileEncoding = 4; lastKnownFileType = sourcecode.c.h; path = RFImageToDataTransformer.h; sourceTree = "<group>"; };
		8B0BFA6B174DEC5800E719CC /* RFImageToDataTransformer.m */ = {isa = PBXFileReference; fileEncoding = 4; lastKnownFileType = sourcecode.c.objc; path = RFImageToDataTransformer.m; sourceTree = "<group>"; };
		8B0BFA6C174DEC5800E719CC /* XMPPIDTracker.h */ = {isa = PBXFileReference; fileEncoding = 4; lastKnownFileType = sourcecode.c.h; path = XMPPIDTracker.h; sourceTree = "<group>"; };
		8B0BFA6D174DEC5800E719CC /* XMPPIDTracker.m */ = {isa = PBXFileReference; fileEncoding = 4; lastKnownFileType = sourcecode.c.objc; path = XMPPIDTracker.m; sourceTree = "<group>"; };
		8B0BFA6E174DEC5800E719CC /* XMPPSRVResolver.h */ = {isa = PBXFileReference; fileEncoding = 4; lastKnownFileType = sourcecode.c.h; path = XMPPSRVResolver.h; sourceTree = "<group>"; };
		8B0BFA6F174DEC5800E719CC /* XMPPSRVResolver.m */ = {isa = PBXFileReference; fileEncoding = 4; lastKnownFileType = sourcecode.c.objc; path = XMPPSRVResolver.m; sourceTree = "<group>"; };
		8B0BFA72174DEC5800E719CC /* GCDAsyncSocket.h */ = {isa = PBXFileReference; fileEncoding = 4; lastKnownFileType = sourcecode.c.h; path = GCDAsyncSocket.h; sourceTree = "<group>"; };
		8B0BFA73174DEC5800E719CC /* GCDAsyncSocket.m */ = {isa = PBXFileReference; fileEncoding = 4; lastKnownFileType = sourcecode.c.objc; path = GCDAsyncSocket.m; sourceTree = "<group>"; };
		8B0BFA75174DEC5800E719CC /* DDAbstractDatabaseLogger.h */ = {isa = PBXFileReference; fileEncoding = 4; lastKnownFileType = sourcecode.c.h; path = DDAbstractDatabaseLogger.h; sourceTree = "<group>"; };
		8B0BFA76174DEC5800E719CC /* DDAbstractDatabaseLogger.m */ = {isa = PBXFileReference; fileEncoding = 4; lastKnownFileType = sourcecode.c.objc; path = DDAbstractDatabaseLogger.m; sourceTree = "<group>"; };
		8B0BFA77174DEC5800E719CC /* DDASLLogger.h */ = {isa = PBXFileReference; fileEncoding = 4; lastKnownFileType = sourcecode.c.h; path = DDASLLogger.h; sourceTree = "<group>"; };
		8B0BFA78174DEC5800E719CC /* DDASLLogger.m */ = {isa = PBXFileReference; fileEncoding = 4; lastKnownFileType = sourcecode.c.objc; path = DDASLLogger.m; sourceTree = "<group>"; };
		8B0BFA79174DEC5800E719CC /* DDFileLogger.h */ = {isa = PBXFileReference; fileEncoding = 4; lastKnownFileType = sourcecode.c.h; path = DDFileLogger.h; sourceTree = "<group>"; };
		8B0BFA7A174DEC5800E719CC /* DDFileLogger.m */ = {isa = PBXFileReference; fileEncoding = 4; lastKnownFileType = sourcecode.c.objc; path = DDFileLogger.m; sourceTree = "<group>"; };
		8B0BFA7B174DEC5800E719CC /* DDLog.h */ = {isa = PBXFileReference; fileEncoding = 4; lastKnownFileType = sourcecode.c.h; path = DDLog.h; sourceTree = "<group>"; };
		8B0BFA7C174DEC5800E719CC /* DDLog.m */ = {isa = PBXFileReference; fileEncoding = 4; lastKnownFileType = sourcecode.c.objc; path = DDLog.m; sourceTree = "<group>"; };
		8B0BFA7D174DEC5800E719CC /* DDTTYLogger.h */ = {isa = PBXFileReference; fileEncoding = 4; lastKnownFileType = sourcecode.c.h; path = DDTTYLogger.h; sourceTree = "<group>"; };
		8B0BFA7E174DEC5800E719CC /* DDTTYLogger.m */ = {isa = PBXFileReference; fileEncoding = 4; lastKnownFileType = sourcecode.c.objc; path = DDTTYLogger.m; sourceTree = "<group>"; };
		8B0BFA80174DEC5800E719CC /* ContextFilterLogFormatter.h */ = {isa = PBXFileReference; fileEncoding = 4; lastKnownFileType = sourcecode.c.h; path = ContextFilterLogFormatter.h; sourceTree = "<group>"; };
		8B0BFA81174DEC5800E719CC /* ContextFilterLogFormatter.m */ = {isa = PBXFileReference; fileEncoding = 4; lastKnownFileType = sourcecode.c.objc; path = ContextFilterLogFormatter.m; sourceTree = "<group>"; };
		8B0BFA82174DEC5800E719CC /* DispatchQueueLogFormatter.h */ = {isa = PBXFileReference; fileEncoding = 4; lastKnownFileType = sourcecode.c.h; path = DispatchQueueLogFormatter.h; sourceTree = "<group>"; };
		8B0BFA83174DEC5800E719CC /* DispatchQueueLogFormatter.m */ = {isa = PBXFileReference; fileEncoding = 4; lastKnownFileType = sourcecode.c.objc; path = DispatchQueueLogFormatter.m; sourceTree = "<group>"; };
		8B0BFA84174DEC5800E719CC /* README.txt */ = {isa = PBXFileReference; fileEncoding = 4; lastKnownFileType = text; path = README.txt; sourceTree = "<group>"; };
		8B0BFA89174DEC5800E719CC /* NSString+DDXML.h */ = {isa = PBXFileReference; fileEncoding = 4; lastKnownFileType = sourcecode.c.h; path = "NSString+DDXML.h"; sourceTree = "<group>"; };
		8B0BFA8A174DEC5800E719CC /* NSString+DDXML.m */ = {isa = PBXFileReference; fileEncoding = 4; lastKnownFileType = sourcecode.c.objc; path = "NSString+DDXML.m"; sourceTree = "<group>"; };
		8B0BFA8B174DEC5800E719CC /* DDXML.h */ = {isa = PBXFileReference; fileEncoding = 4; lastKnownFileType = sourcecode.c.h; path = DDXML.h; sourceTree = "<group>"; };
		8B0BFA8C174DEC5800E719CC /* DDXMLDocument.h */ = {isa = PBXFileReference; fileEncoding = 4; lastKnownFileType = sourcecode.c.h; path = DDXMLDocument.h; sourceTree = "<group>"; };
		8B0BFA8D174DEC5800E719CC /* DDXMLDocument.m */ = {isa = PBXFileReference; fileEncoding = 4; lastKnownFileType = sourcecode.c.objc; path = DDXMLDocument.m; sourceTree = "<group>"; };
		8B0BFA8E174DEC5800E719CC /* DDXMLElement.h */ = {isa = PBXFileReference; fileEncoding = 4; lastKnownFileType = sourcecode.c.h; path = DDXMLElement.h; sourceTree = "<group>"; };
		8B0BFA8F174DEC5800E719CC /* DDXMLElement.m */ = {isa = PBXFileReference; fileEncoding = 4; lastKnownFileType = sourcecode.c.objc; path = DDXMLElement.m; sourceTree = "<group>"; };
		8B0BFA90174DEC5800E719CC /* DDXMLNode.h */ = {isa = PBXFileReference; fileEncoding = 4; lastKnownFileType = sourcecode.c.h; path = DDXMLNode.h; sourceTree = "<group>"; };
		8B0BFA91174DEC5800E719CC /* DDXMLNode.m */ = {isa = PBXFileReference; fileEncoding = 4; lastKnownFileType = sourcecode.c.objc; path = DDXMLNode.m; sourceTree = "<group>"; };
		8B0BFA93174DEC5800E719CC /* DDXMLPrivate.h */ = {isa = PBXFileReference; fileEncoding = 4; lastKnownFileType = sourcecode.c.h; path = DDXMLPrivate.h; sourceTree = "<group>"; };
		8B0BFA95174DEC5800E719CC /* build-libidn.sh */ = {isa = PBXFileReference; fileEncoding = 4; lastKnownFileType = text.script.sh; path = "build-libidn.sh"; sourceTree = "<group>"; };
		8B0BFA96174DEC5800E719CC /* idn-int.h */ = {isa = PBXFileReference; fileEncoding = 4; lastKnownFileType = sourcecode.c.h; path = "idn-int.h"; sourceTree = "<group>"; };
		8B0BFA97174DEC5800E719CC /* libidn.a */ = {isa = PBXFileReference; lastKnownFileType = archive.ar; path = libidn.a; sourceTree = "<group>"; };
		8B0BFA98174DEC5800E719CC /* stringprep.h */ = {isa = PBXFileReference; fileEncoding = 4; lastKnownFileType = sourcecode.c.h; path = stringprep.h; sourceTree = "<group>"; };
		8B0BFAC0174DECA300E719CC /* Security.framework */ = {isa = PBXFileReference; lastKnownFileType = wrapper.framework; name = Security.framework; path = System/Library/Frameworks/Security.framework; sourceTree = SDKROOT; };
		8B0BFAC2174DECA900E719CC /* CFNetwork.framework */ = {isa = PBXFileReference; lastKnownFileType = wrapper.framework; name = CFNetwork.framework; path = System/Library/Frameworks/CFNetwork.framework; sourceTree = SDKROOT; };
		8B0BFAC4174DECAF00E719CC /* libresolv.dylib */ = {isa = PBXFileReference; lastKnownFileType = "compiled.mach-o.dylib"; name = libresolv.dylib; path = usr/lib/libresolv.dylib; sourceTree = SDKROOT; };
		8B0BFAC6174DECB400E719CC /* libxml2.dylib */ = {isa = PBXFileReference; lastKnownFileType = "compiled.mach-o.dylib"; name = libxml2.dylib; path = usr/lib/libxml2.dylib; sourceTree = SDKROOT; };
		8B0BFB19174DF8CE00E719CC /* ArtIMessageViewController.h */ = {isa = PBXFileReference; fileEncoding = 4; lastKnownFileType = sourcecode.c.h; path = ArtIMessageViewController.h; sourceTree = "<group>"; };
		8B0BFB1A174DF8CE00E719CC /* ArtIMessageViewController.m */ = {isa = PBXFileReference; fileEncoding = 4; lastKnownFileType = sourcecode.c.objc; path = ArtIMessageViewController.m; sourceTree = "<group>"; };
		8B0BFB26174E058E00E719CC /* IMMessageViewController.h */ = {isa = PBXFileReference; fileEncoding = 4; lastKnownFileType = sourcecode.c.h; path = IMMessageViewController.h; sourceTree = "<group>"; };
		8B0BFB27174E058E00E719CC /* IMMessageViewController.m */ = {isa = PBXFileReference; fileEncoding = 4; lastKnownFileType = sourcecode.c.objc; path = IMMessageViewController.m; sourceTree = "<group>"; };
		8B0BFB2B174E081B00E719CC /* bar1.png */ = {isa = PBXFileReference; lastKnownFileType = image.png; path = bar1.png; sourceTree = "<group>"; };
		8B0BFB2C174E081B00E719CC /* bar1@2x.png */ = {isa = PBXFileReference; lastKnownFileType = image.png; path = "bar1@2x.png"; sourceTree = "<group>"; };
		8B0BFB32174E0E9900E719CC /* IMMessageViewController.xib */ = {isa = PBXFileReference; fileEncoding = 4; lastKnownFileType = file.xib; path = IMMessageViewController.xib; sourceTree = "<group>"; };
		8B0BFB34174E180000E719CC /* IMAddressBookController.h */ = {isa = PBXFileReference; fileEncoding = 4; lastKnownFileType = sourcecode.c.h; path = IMAddressBookController.h; sourceTree = "<group>"; };
		8B0BFB35174E180000E719CC /* IMAddressBookController.m */ = {isa = PBXFileReference; fileEncoding = 4; lastKnownFileType = sourcecode.c.objc; path = IMAddressBookController.m; sourceTree = "<group>"; };
		8B0BFB36174E180100E719CC /* IMAddressBookController.xib */ = {isa = PBXFileReference; fileEncoding = 4; lastKnownFileType = file.xib; path = IMAddressBookController.xib; sourceTree = "<group>"; };
		8B0BFB39174F04D900E719CC /* RequestURL.h */ = {isa = PBXFileReference; fileEncoding = 4; lastKnownFileType = sourcecode.c.h; path = RequestURL.h; sourceTree = "<group>"; };
		8B0BFB3A174F04D900E719CC /* RequestURL.m */ = {isa = PBXFileReference; fileEncoding = 4; lastKnownFileType = sourcecode.c.objc; path = RequestURL.m; sourceTree = "<group>"; };
		8B0BFB3C174F055200E719CC /* Constants.h */ = {isa = PBXFileReference; fileEncoding = 4; lastKnownFileType = sourcecode.c.h; path = Constants.h; sourceTree = "<group>"; };
		8B0BFB3D174F061000E719CC /* libsqlite3.0.dylib */ = {isa = PBXFileReference; lastKnownFileType = "compiled.mach-o.dylib"; name = libsqlite3.0.dylib; path = usr/lib/libsqlite3.0.dylib; sourceTree = SDKROOT; };
		8B0BFB40174F0AB300E719CC /* AddressBook.h */ = {isa = PBXFileReference; fileEncoding = 4; lastKnownFileType = sourcecode.c.h; path = AddressBook.h; sourceTree = "<group>"; };
		8B0BFB41174F0AB300E719CC /* AddressBook.m */ = {isa = PBXFileReference; fileEncoding = 4; lastKnownFileType = sourcecode.c.objc; path = AddressBook.m; sourceTree = "<group>"; };
		8B0BFB4D174F3C4D00E719CC /* LoginViewController.h */ = {isa = PBXFileReference; fileEncoding = 4; lastKnownFileType = sourcecode.c.h; path = LoginViewController.h; sourceTree = "<group>"; };
		8B0BFB4E174F3C4D00E719CC /* LoginViewController.m */ = {isa = PBXFileReference; fileEncoding = 4; lastKnownFileType = sourcecode.c.objc; path = LoginViewController.m; sourceTree = "<group>"; };
		8B0BFB4F174F3C4D00E719CC /* LoginViewController.xib */ = {isa = PBXFileReference; fileEncoding = 4; lastKnownFileType = file.xib; path = LoginViewController.xib; sourceTree = "<group>"; };
		8B9D36091755DDFD002DE0DC /* ASIAuthenticationDialog.h */ = {isa = PBXFileReference; fileEncoding = 4; lastKnownFileType = sourcecode.c.h; path = ASIAuthenticationDialog.h; sourceTree = "<group>"; };
		8B9D360A1755DDFD002DE0DC /* ASIAuthenticationDialog.m */ = {isa = PBXFileReference; fileEncoding = 4; lastKnownFileType = sourcecode.c.objc; path = ASIAuthenticationDialog.m; sourceTree = "<group>"; };
		8B9D360B1755DDFD002DE0DC /* ASICacheDelegate.h */ = {isa = PBXFileReference; fileEncoding = 4; lastKnownFileType = sourcecode.c.h; path = ASICacheDelegate.h; sourceTree = "<group>"; };
		8B9D360C1755DDFD002DE0DC /* ASIDataCompressor.h */ = {isa = PBXFileReference; fileEncoding = 4; lastKnownFileType = sourcecode.c.h; path = ASIDataCompressor.h; sourceTree = "<group>"; };
		8B9D360D1755DDFD002DE0DC /* ASIDataCompressor.m */ = {isa = PBXFileReference; fileEncoding = 4; lastKnownFileType = sourcecode.c.objc; path = ASIDataCompressor.m; sourceTree = "<group>"; };
		8B9D360E1755DDFD002DE0DC /* ASIDataDecompressor.h */ = {isa = PBXFileReference; fileEncoding = 4; lastKnownFileType = sourcecode.c.h; path = ASIDataDecompressor.h; sourceTree = "<group>"; };
		8B9D360F1755DDFD002DE0DC /* ASIDataDecompressor.m */ = {isa = PBXFileReference; fileEncoding = 4; lastKnownFileType = sourcecode.c.objc; path = ASIDataDecompressor.m; sourceTree = "<group>"; };
		8B9D36101755DDFD002DE0DC /* ASIDownloadCache.h */ = {isa = PBXFileReference; fileEncoding = 4; lastKnownFileType = sourcecode.c.h; path = ASIDownloadCache.h; sourceTree = "<group>"; };
		8B9D36111755DDFD002DE0DC /* ASIDownloadCache.m */ = {isa = PBXFileReference; fileEncoding = 4; lastKnownFileType = sourcecode.c.objc; path = ASIDownloadCache.m; sourceTree = "<group>"; };
		8B9D36121755DDFD002DE0DC /* ASIFormDataRequest.h */ = {isa = PBXFileReference; fileEncoding = 4; lastKnownFileType = sourcecode.c.h; path = ASIFormDataRequest.h; sourceTree = "<group>"; };
		8B9D36131755DDFD002DE0DC /* ASIFormDataRequest.m */ = {isa = PBXFileReference; fileEncoding = 4; lastKnownFileType = sourcecode.c.objc; path = ASIFormDataRequest.m; sourceTree = "<group>"; };
		8B9D36141755DDFD002DE0DC /* ASIHTTPRequest.h */ = {isa = PBXFileReference; fileEncoding = 4; lastKnownFileType = sourcecode.c.h; path = ASIHTTPRequest.h; sourceTree = "<group>"; };
		8B9D36151755DDFD002DE0DC /* ASIHTTPRequest.m */ = {isa = PBXFileReference; fileEncoding = 4; lastKnownFileType = sourcecode.c.objc; path = ASIHTTPRequest.m; sourceTree = "<group>"; };
		8B9D36161755DDFD002DE0DC /* ASIHTTPRequestConfig.h */ = {isa = PBXFileReference; fileEncoding = 4; lastKnownFileType = sourcecode.c.h; path = ASIHTTPRequestConfig.h; sourceTree = "<group>"; };
		8B9D36171755DDFD002DE0DC /* ASIHTTPRequestDelegate.h */ = {isa = PBXFileReference; fileEncoding = 4; lastKnownFileType = sourcecode.c.h; path = ASIHTTPRequestDelegate.h; sourceTree = "<group>"; };
		8B9D36181755DDFD002DE0DC /* ASIInputStream.h */ = {isa = PBXFileReference; fileEncoding = 4; lastKnownFileType = sourcecode.c.h; path = ASIInputStream.h; sourceTree = "<group>"; };
		8B9D36191755DDFD002DE0DC /* ASIInputStream.m */ = {isa = PBXFileReference; fileEncoding = 4; lastKnownFileType = sourcecode.c.objc; path = ASIInputStream.m; sourceTree = "<group>"; };
		8B9D361A1755DDFD002DE0DC /* ASINetworkQueue.h */ = {isa = PBXFileReference; fileEncoding = 4; lastKnownFileType = sourcecode.c.h; path = ASINetworkQueue.h; sourceTree = "<group>"; };
		8B9D361B1755DDFD002DE0DC /* ASINetworkQueue.m */ = {isa = PBXFileReference; fileEncoding = 4; lastKnownFileType = sourcecode.c.objc; path = ASINetworkQueue.m; sourceTree = "<group>"; };
		8B9D361C1755DDFD002DE0DC /* ASIProgressDelegate.h */ = {isa = PBXFileReference; fileEncoding = 4; lastKnownFileType = sourcecode.c.h; path = ASIProgressDelegate.h; sourceTree = "<group>"; };
		8B9D361E1755DDFD002DE0DC /* Reachability.h */ = {isa = PBXFileReference; fileEncoding = 4; lastKnownFileType = sourcecode.c.h; path = Reachability.h; sourceTree = "<group>"; };
		8B9D361F1755DDFD002DE0DC /* Reachability.m */ = {isa = PBXFileReference; fileEncoding = 4; lastKnownFileType = sourcecode.c.objc; path = Reachability.m; sourceTree = "<group>"; };
		8B9D362A1755DE08002DE0DC /* JSONKit.h */ = {isa = PBXFileReference; fileEncoding = 4; lastKnownFileType = sourcecode.c.h; path = JSONKit.h; sourceTree = "<group>"; };
		8B9D362B1755DE08002DE0DC /* JSONKit.m */ = {isa = PBXFileReference; fileEncoding = 4; lastKnownFileType = sourcecode.c.objc; path = JSONKit.m; sourceTree = "<group>"; };
		8B9D36441755FC83002DE0DC /* ArtIMessageService.h */ = {isa = PBXFileReference; fileEncoding = 4; lastKnownFileType = sourcecode.c.h; path = ArtIMessageService.h; sourceTree = "<group>"; };
		8B9D36451755FC83002DE0DC /* ArtIMessageService.m */ = {isa = PBXFileReference; fileEncoding = 4; lastKnownFileType = sourcecode.c.objc; path = ArtIMessageService.m; sourceTree = "<group>"; };
		8B9D36471755FD3B002DE0DC /* NetWorkData.h */ = {isa = PBXFileReference; fileEncoding = 4; lastKnownFileType = sourcecode.c.h; path = NetWorkData.h; sourceTree = "<group>"; };
		8B9D36481755FD3B002DE0DC /* NetWorkData.m */ = {isa = PBXFileReference; fileEncoding = 4; lastKnownFileType = sourcecode.c.objc; path = NetWorkData.m; sourceTree = "<group>"; };
		8B9D364A1755FD9A002DE0DC /* CoreLocation.framework */ = {isa = PBXFileReference; lastKnownFileType = wrapper.framework; name = CoreLocation.framework; path = System/Library/Frameworks/CoreLocation.framework; sourceTree = SDKROOT; };
		8B9D364C1755FDA9002DE0DC /* CoreTelephony.framework */ = {isa = PBXFileReference; lastKnownFileType = wrapper.framework; name = CoreTelephony.framework; path = System/Library/Frameworks/CoreTelephony.framework; sourceTree = SDKROOT; };
		8B9D364E1755FDB1002DE0DC /* QuartzCore.framework */ = {isa = PBXFileReference; lastKnownFileType = wrapper.framework; name = QuartzCore.framework; path = System/Library/Frameworks/QuartzCore.framework; sourceTree = SDKROOT; };
		8B9D36501755FDB8002DE0DC /* MobileCoreServices.framework */ = {isa = PBXFileReference; lastKnownFileType = wrapper.framework; name = MobileCoreServices.framework; path = System/Library/Frameworks/MobileCoreServices.framework; sourceTree = SDKROOT; };
		8B9D36521755FDC1002DE0DC /* libz.dylib */ = {isa = PBXFileReference; lastKnownFileType = "compiled.mach-o.dylib"; name = libz.dylib; path = usr/lib/libz.dylib; sourceTree = SDKROOT; };
		8B9D36541755FE60002DE0DC /* SystemConfiguration.framework */ = {isa = PBXFileReference; lastKnownFileType = wrapper.framework; name = SystemConfiguration.framework; path = System/Library/Frameworks/SystemConfiguration.framework; sourceTree = SDKROOT; };
/* End PBXFileReference section */

/* Begin PBXFrameworksBuildPhase section */
		8B0BFA0E174DEB5600E719CC /* Frameworks */ = {
			isa = PBXFrameworksBuildPhase;
			buildActionMask = 2147483647;
			files = (
				8B9D36551755FE60002DE0DC /* SystemConfiguration.framework in Frameworks */,
				8B9D36531755FDC1002DE0DC /* libz.dylib in Frameworks */,
				8B9D36511755FDB8002DE0DC /* MobileCoreServices.framework in Frameworks */,
				8B9D364F1755FDB1002DE0DC /* QuartzCore.framework in Frameworks */,
				8B9D364D1755FDA9002DE0DC /* CoreTelephony.framework in Frameworks */,
				8B0BFAC1174DECA300E719CC /* Security.framework in Frameworks */,
				8B9D364B1755FD9A002DE0DC /* CoreLocation.framework in Frameworks */,
				8B0BFB3E174F061000E719CC /* libsqlite3.0.dylib in Frameworks */,
				8B0BFAC7174DECB400E719CC /* libxml2.dylib in Frameworks */,
				8B0BFAC5174DECAF00E719CC /* libresolv.dylib in Frameworks */,
				8B0BFAC3174DECA900E719CC /* CFNetwork.framework in Frameworks */,
				8B0BFA15174DEB5600E719CC /* UIKit.framework in Frameworks */,
				8B0BFA17174DEB5600E719CC /* Foundation.framework in Frameworks */,
				8B0BFA19174DEB5600E719CC /* CoreGraphics.framework in Frameworks */,
				8B0BFABF174DEC5800E719CC /* libidn.a in Frameworks */,
			);
			runOnlyForDeploymentPostprocessing = 0;
		};
/* End PBXFrameworksBuildPhase section */

/* Begin PBXGroup section */
		8B0BFA08174DEB5600E719CC = {
			isa = PBXGroup;
			children = (
				8B9D36291755DE08002DE0DC /* JSONKit */,
				8B9D36081755DDFC002DE0DC /* ASIHTTPRequest */,
				8B0BFA34174DEC5700E719CC /* Authentication */,
				8B0BFA48174DEC5700E719CC /* Categories */,
				8B0BFA4F174DEC5800E719CC /* Core */,
				8B0BFA63174DEC5800E719CC /* Utilities */,
				8B0BFA70174DEC5800E719CC /* Vendor */,
				8B0BFA1A174DEB5600E719CC /* ArtIMessage */,
				8B0BFA13174DEB5600E719CC /* Frameworks */,
				8B0BFA12174DEB5600E719CC /* Products */,
			);
			sourceTree = "<group>";
		};
		8B0BFA12174DEB5600E719CC /* Products */ = {
			isa = PBXGroup;
			children = (
				8B0BFA11174DEB5600E719CC /* ArtIMessage.app */,
			);
			name = Products;
			sourceTree = "<group>";
		};
		8B0BFA13174DEB5600E719CC /* Frameworks */ = {
			isa = PBXGroup;
			children = (
				8B9D36541755FE60002DE0DC /* SystemConfiguration.framework */,
				8B9D36521755FDC1002DE0DC /* libz.dylib */,
				8B9D36501755FDB8002DE0DC /* MobileCoreServices.framework */,
				8B9D364E1755FDB1002DE0DC /* QuartzCore.framework */,
				8B9D364C1755FDA9002DE0DC /* CoreTelephony.framework */,
				8B9D364A1755FD9A002DE0DC /* CoreLocation.framework */,
				8B0BFB3D174F061000E719CC /* libsqlite3.0.dylib */,
				8B0BFAC6174DECB400E719CC /* libxml2.dylib */,
				8B0BFAC4174DECAF00E719CC /* libresolv.dylib */,
				8B0BFAC2174DECA900E719CC /* CFNetwork.framework */,
				8B0BFAC0174DECA300E719CC /* Security.framework */,
				8B0BFA14174DEB5600E719CC /* UIKit.framework */,
				8B0BFA16174DEB5600E719CC /* Foundation.framework */,
				8B0BFA18174DEB5600E719CC /* CoreGraphics.framework */,
			);
			name = Frameworks;
			sourceTree = "<group>";
		};
		8B0BFA1A174DEB5600E719CC /* ArtIMessage */ = {
			isa = PBXGroup;
			children = (
				8B9D36431755FC77002DE0DC /* service */,
				8B0BFB3F174F0A8B00E719CC /* po */,
				8B0BFAC8174DED6F00E719CC /* util */,
				8B0BFA23174DEB5600E719CC /* ArtIMessageAppDelegate.h */,
				8B0BFA24174DEB5600E719CC /* ArtIMessageAppDelegate.m */,
				8B0BFA1B174DEB5600E719CC /* Supporting Files */,
				8B0BFB19174DF8CE00E719CC /* ArtIMessageViewController.h */,
				8B0BFB1A174DF8CE00E719CC /* ArtIMessageViewController.m */,
				8B0BFB26174E058E00E719CC /* IMMessageViewController.h */,
				8B0BFB27174E058E00E719CC /* IMMessageViewController.m */,
				8B0BFB32174E0E9900E719CC /* IMMessageViewController.xib */,
				8B0BFB34174E180000E719CC /* IMAddressBookController.h */,
				8B0BFB35174E180000E719CC /* IMAddressBookController.m */,
				8B0BFB36174E180100E719CC /* IMAddressBookController.xib */,
				8B0BFB4D174F3C4D00E719CC /* LoginViewController.h */,
				8B0BFB4E174F3C4D00E719CC /* LoginViewController.m */,
				8B0BFB4F174F3C4D00E719CC /* LoginViewController.xib */,
			);
			path = ArtIMessage;
			sourceTree = "<group>";
		};
		8B0BFA1B174DEB5600E719CC /* Supporting Files */ = {
			isa = PBXGroup;
			children = (
				8B0BFB2B174E081B00E719CC /* bar1.png */,
				8B0BFB2C174E081B00E719CC /* bar1@2x.png */,
				8B0BFA1C174DEB5600E719CC /* ArtIMessage-Info.plist */,
				8B0BFA1D174DEB5600E719CC /* InfoPlist.strings */,
				8B0BFA20174DEB5600E719CC /* main.m */,
				8B0BFA22174DEB5600E719CC /* ArtIMessage-Prefix.pch */,
				8B0BFA26174DEB5600E719CC /* Default.png */,
				8B0BFA28174DEB5600E719CC /* Default@2x.png */,
				8B0BFA2A174DEB5600E719CC /* Default-568h@2x.png */,
			);
			name = "Supporting Files";
			sourceTree = "<group>";
		};
		8B0BFA34174DEC5700E719CC /* Authentication */ = {
			isa = PBXGroup;
			children = (
				8B0BFA35174DEC5700E719CC /* Anonymous */,
				8B0BFA38174DEC5700E719CC /* Deprecated-Digest */,
				8B0BFA3B174DEC5700E719CC /* Deprecated-Plain */,
				8B0BFA3E174DEC5700E719CC /* Digest-MD5 */,
				8B0BFA41174DEC5700E719CC /* Plain */,
				8B0BFA44174DEC5700E719CC /* X-Facebook-Platform */,
				8B0BFA47174DEC5700E719CC /* XMPPSASLAuthentication.h */,
			);
			path = Authentication;
			sourceTree = "<group>";
		};
		8B0BFA35174DEC5700E719CC /* Anonymous */ = {
			isa = PBXGroup;
			children = (
				8B0BFA36174DEC5700E719CC /* XMPPAnonymousAuthentication.h */,
				8B0BFA37174DEC5700E719CC /* XMPPAnonymousAuthentication.m */,
			);
			path = Anonymous;
			sourceTree = "<group>";
		};
		8B0BFA38174DEC5700E719CC /* Deprecated-Digest */ = {
			isa = PBXGroup;
			children = (
				8B0BFA39174DEC5700E719CC /* XMPPDeprecatedDigestAuthentication.h */,
				8B0BFA3A174DEC5700E719CC /* XMPPDeprecatedDigestAuthentication.m */,
			);
			path = "Deprecated-Digest";
			sourceTree = "<group>";
		};
		8B0BFA3B174DEC5700E719CC /* Deprecated-Plain */ = {
			isa = PBXGroup;
			children = (
				8B0BFA3C174DEC5700E719CC /* XMPPDeprecatedPlainAuthentication.h */,
				8B0BFA3D174DEC5700E719CC /* XMPPDeprecatedPlainAuthentication.m */,
			);
			path = "Deprecated-Plain";
			sourceTree = "<group>";
		};
		8B0BFA3E174DEC5700E719CC /* Digest-MD5 */ = {
			isa = PBXGroup;
			children = (
				8B0BFA3F174DEC5700E719CC /* XMPPDigestMD5Authentication.h */,
				8B0BFA40174DEC5700E719CC /* XMPPDigestMD5Authentication.m */,
			);
			path = "Digest-MD5";
			sourceTree = "<group>";
		};
		8B0BFA41174DEC5700E719CC /* Plain */ = {
			isa = PBXGroup;
			children = (
				8B0BFA42174DEC5700E719CC /* XMPPPlainAuthentication.h */,
				8B0BFA43174DEC5700E719CC /* XMPPPlainAuthentication.m */,
			);
			path = Plain;
			sourceTree = "<group>";
		};
		8B0BFA44174DEC5700E719CC /* X-Facebook-Platform */ = {
			isa = PBXGroup;
			children = (
				8B0BFA45174DEC5700E719CC /* XMPPXFacebookPlatformAuthentication.h */,
				8B0BFA46174DEC5700E719CC /* XMPPXFacebookPlatformAuthentication.m */,
			);
			path = "X-Facebook-Platform";
			sourceTree = "<group>";
		};
		8B0BFA48174DEC5700E719CC /* Categories */ = {
			isa = PBXGroup;
			children = (
				8B0BFA49174DEC5800E719CC /* NSData+XMPP.h */,
				8B0BFA4A174DEC5800E719CC /* NSData+XMPP.m */,
				8B0BFA4B174DEC5800E719CC /* NSNumber+XMPP.h */,
				8B0BFA4C174DEC5800E719CC /* NSNumber+XMPP.m */,
				8B0BFA4D174DEC5800E719CC /* NSXMLElement+XMPP.h */,
				8B0BFA4E174DEC5800E719CC /* NSXMLElement+XMPP.m */,
			);
			path = Categories;
			sourceTree = "<group>";
		};
		8B0BFA4F174DEC5800E719CC /* Core */ = {
			isa = PBXGroup;
			children = (
				8B0BFA50174DEC5800E719CC /* XMPP.h */,
				8B0BFA51174DEC5800E719CC /* XMPPElement.h */,
				8B0BFA52174DEC5800E719CC /* XMPPElement.m */,
				8B0BFA53174DEC5800E719CC /* XMPPInternal.h */,
				8B0BFA54174DEC5800E719CC /* XMPPIQ.h */,
				8B0BFA55174DEC5800E719CC /* XMPPIQ.m */,
				8B0BFA56174DEC5800E719CC /* XMPPJID.h */,
				8B0BFA57174DEC5800E719CC /* XMPPJID.m */,
				8B0BFA58174DEC5800E719CC /* XMPPLogging.h */,
				8B0BFA59174DEC5800E719CC /* XMPPMessage.h */,
				8B0BFA5A174DEC5800E719CC /* XMPPMessage.m */,
				8B0BFA5B174DEC5800E719CC /* XMPPModule.h */,
				8B0BFA5C174DEC5800E719CC /* XMPPModule.m */,
				8B0BFA5D174DEC5800E719CC /* XMPPParser.h */,
				8B0BFA5E174DEC5800E719CC /* XMPPParser.m */,
				8B0BFA5F174DEC5800E719CC /* XMPPPresence.h */,
				8B0BFA60174DEC5800E719CC /* XMPPPresence.m */,
				8B0BFA61174DEC5800E719CC /* XMPPStream.h */,
				8B0BFA62174DEC5800E719CC /* XMPPStream.m */,
			);
			path = Core;
			sourceTree = "<group>";
		};
		8B0BFA63174DEC5800E719CC /* Utilities */ = {
			isa = PBXGroup;
			children = (
				8B0BFA64174DEC5800E719CC /* DDList.h */,
				8B0BFA65174DEC5800E719CC /* DDList.m */,
				8B0BFA66174DEC5800E719CC /* GCDMulticastDelegate.h */,
				8B0BFA67174DEC5800E719CC /* GCDMulticastDelegate.m */,
				8B0BFA68174DEC5800E719CC /* LibIDN.h */,
				8B0BFA69174DEC5800E719CC /* LibIDN.m */,
				8B0BFA6A174DEC5800E719CC /* RFImageToDataTransformer.h */,
				8B0BFA6B174DEC5800E719CC /* RFImageToDataTransformer.m */,
				8B0BFA6C174DEC5800E719CC /* XMPPIDTracker.h */,
				8B0BFA6D174DEC5800E719CC /* XMPPIDTracker.m */,
				8B0BFA6E174DEC5800E719CC /* XMPPSRVResolver.h */,
				8B0BFA6F174DEC5800E719CC /* XMPPSRVResolver.m */,
			);
			path = Utilities;
			sourceTree = "<group>";
		};
		8B0BFA70174DEC5800E719CC /* Vendor */ = {
			isa = PBXGroup;
			children = (
				8B0BFA71174DEC5800E719CC /* CocoaAsyncSocket */,
				8B0BFA74174DEC5800E719CC /* CocoaLumberjack */,
				8B0BFA87174DEC5800E719CC /* KissXML */,
				8B0BFA94174DEC5800E719CC /* libidn */,
			);
			path = Vendor;
			sourceTree = "<group>";
		};
		8B0BFA71174DEC5800E719CC /* CocoaAsyncSocket */ = {
			isa = PBXGroup;
			children = (
				8B0BFA72174DEC5800E719CC /* GCDAsyncSocket.h */,
				8B0BFA73174DEC5800E719CC /* GCDAsyncSocket.m */,
			);
			path = CocoaAsyncSocket;
			sourceTree = "<group>";
		};
		8B0BFA74174DEC5800E719CC /* CocoaLumberjack */ = {
			isa = PBXGroup;
			children = (
				8B0BFA75174DEC5800E719CC /* DDAbstractDatabaseLogger.h */,
				8B0BFA76174DEC5800E719CC /* DDAbstractDatabaseLogger.m */,
				8B0BFA77174DEC5800E719CC /* DDASLLogger.h */,
				8B0BFA78174DEC5800E719CC /* DDASLLogger.m */,
				8B0BFA79174DEC5800E719CC /* DDFileLogger.h */,
				8B0BFA7A174DEC5800E719CC /* DDFileLogger.m */,
				8B0BFA7B174DEC5800E719CC /* DDLog.h */,
				8B0BFA7C174DEC5800E719CC /* DDLog.m */,
				8B0BFA7D174DEC5800E719CC /* DDTTYLogger.h */,
				8B0BFA7E174DEC5800E719CC /* DDTTYLogger.m */,
				8B0BFA7F174DEC5800E719CC /* Extensions */,
			);
			path = CocoaLumberjack;
			sourceTree = "<group>";
		};
		8B0BFA7F174DEC5800E719CC /* Extensions */ = {
			isa = PBXGroup;
			children = (
				8B0BFA80174DEC5800E719CC /* ContextFilterLogFormatter.h */,
				8B0BFA81174DEC5800E719CC /* ContextFilterLogFormatter.m */,
				8B0BFA82174DEC5800E719CC /* DispatchQueueLogFormatter.h */,
				8B0BFA83174DEC5800E719CC /* DispatchQueueLogFormatter.m */,
				8B0BFA84174DEC5800E719CC /* README.txt */,
			);
			path = Extensions;
			sourceTree = "<group>";
		};
		8B0BFA87174DEC5800E719CC /* KissXML */ = {
			isa = PBXGroup;
			children = (
				8B0BFA88174DEC5800E719CC /* Categories */,
				8B0BFA8B174DEC5800E719CC /* DDXML.h */,
				8B0BFA8C174DEC5800E719CC /* DDXMLDocument.h */,
				8B0BFA8D174DEC5800E719CC /* DDXMLDocument.m */,
				8B0BFA8E174DEC5800E719CC /* DDXMLElement.h */,
				8B0BFA8F174DEC5800E719CC /* DDXMLElement.m */,
				8B0BFA90174DEC5800E719CC /* DDXMLNode.h */,
				8B0BFA91174DEC5800E719CC /* DDXMLNode.m */,
				8B0BFA92174DEC5800E719CC /* Private */,
			);
			path = KissXML;
			sourceTree = "<group>";
		};
		8B0BFA88174DEC5800E719CC /* Categories */ = {
			isa = PBXGroup;
			children = (
				8B0BFA89174DEC5800E719CC /* NSString+DDXML.h */,
				8B0BFA8A174DEC5800E719CC /* NSString+DDXML.m */,
			);
			path = Categories;
			sourceTree = "<group>";
		};
		8B0BFA92174DEC5800E719CC /* Private */ = {
			isa = PBXGroup;
			children = (
				8B0BFA93174DEC5800E719CC /* DDXMLPrivate.h */,
			);
			path = Private;
			sourceTree = "<group>";
		};
		8B0BFA94174DEC5800E719CC /* libidn */ = {
			isa = PBXGroup;
			children = (
				8B0BFA95174DEC5800E719CC /* build-libidn.sh */,
				8B0BFA96174DEC5800E719CC /* idn-int.h */,
				8B0BFA97174DEC5800E719CC /* libidn.a */,
				8B0BFA98174DEC5800E719CC /* stringprep.h */,
			);
			path = libidn;
			sourceTree = "<group>";
		};
		8B0BFAC8174DED6F00E719CC /* util */ = {
			isa = PBXGroup;
			children = (
				8B0BFB39174F04D900E719CC /* RequestURL.h */,
				8B0BFB3A174F04D900E719CC /* RequestURL.m */,
				8B0BFB3C174F055200E719CC /* Constants.h */,
			);
			name = util;
			sourceTree = "<group>";
		};
		8B0BFB3F174F0A8B00E719CC /* po */ = {
			isa = PBXGroup;
			children = (
				8B0BFB40174F0AB300E719CC /* AddressBook.h */,
				8B0BFB41174F0AB300E719CC /* AddressBook.m */,
			);
			name = po;
			sourceTree = "<group>";
		};
		8B9D36081755DDFC002DE0DC /* ASIHTTPRequest */ = {
			isa = PBXGroup;
			children = (
				8B9D36091755DDFD002DE0DC /* ASIAuthenticationDialog.h */,
				8B9D360A1755DDFD002DE0DC /* ASIAuthenticationDialog.m */,
				8B9D360B1755DDFD002DE0DC /* ASICacheDelegate.h */,
				8B9D360C1755DDFD002DE0DC /* ASIDataCompressor.h */,
				8B9D360D1755DDFD002DE0DC /* ASIDataCompressor.m */,
				8B9D360E1755DDFD002DE0DC /* ASIDataDecompressor.h */,
				8B9D360F1755DDFD002DE0DC /* ASIDataDecompressor.m */,
				8B9D36101755DDFD002DE0DC /* ASIDownloadCache.h */,
				8B9D36111755DDFD002DE0DC /* ASIDownloadCache.m */,
				8B9D36121755DDFD002DE0DC /* ASIFormDataRequest.h */,
				8B9D36131755DDFD002DE0DC /* ASIFormDataRequest.m */,
				8B9D36141755DDFD002DE0DC /* ASIHTTPRequest.h */,
				8B9D36151755DDFD002DE0DC /* ASIHTTPRequest.m */,
				8B9D36161755DDFD002DE0DC /* ASIHTTPRequestConfig.h */,
				8B9D36171755DDFD002DE0DC /* ASIHTTPRequestDelegate.h */,
				8B9D36181755DDFD002DE0DC /* ASIInputStream.h */,
				8B9D36191755DDFD002DE0DC /* ASIInputStream.m */,
				8B9D361A1755DDFD002DE0DC /* ASINetworkQueue.h */,
				8B9D361B1755DDFD002DE0DC /* ASINetworkQueue.m */,
				8B9D361C1755DDFD002DE0DC /* ASIProgressDelegate.h */,
				8B9D361D1755DDFD002DE0DC /* Reachability */,
			);
			path = ASIHTTPRequest;
			sourceTree = "<group>";
		};
		8B9D361D1755DDFD002DE0DC /* Reachability */ = {
			isa = PBXGroup;
			children = (
				8B9D361E1755DDFD002DE0DC /* Reachability.h */,
				8B9D361F1755DDFD002DE0DC /* Reachability.m */,
			);
			path = Reachability;
			sourceTree = "<group>";
		};
		8B9D36291755DE08002DE0DC /* JSONKit */ = {
			isa = PBXGroup;
			children = (
				8B9D362A1755DE08002DE0DC /* JSONKit.h */,
				8B9D362B1755DE08002DE0DC /* JSONKit.m */,
			);
			path = JSONKit;
			sourceTree = "<group>";
		};
		8B9D36431755FC77002DE0DC /* service */ = {
			isa = PBXGroup;
			children = (
				8B9D36441755FC83002DE0DC /* ArtIMessageService.h */,
				8B9D36451755FC83002DE0DC /* ArtIMessageService.m */,
				8B9D36471755FD3B002DE0DC /* NetWorkData.h */,
				8B9D36481755FD3B002DE0DC /* NetWorkData.m */,
			);
			name = service;
			sourceTree = "<group>";
		};
/* End PBXGroup section */

/* Begin PBXNativeTarget section */
		8B0BFA10174DEB5600E719CC /* ArtIMessage */ = {
			isa = PBXNativeTarget;
			buildConfigurationList = 8B0BFA2E174DEB5600E719CC /* Build configuration list for PBXNativeTarget "ArtIMessage" */;
			buildPhases = (
				8B0BFA0D174DEB5600E719CC /* Sources */,
				8B0BFA0E174DEB5600E719CC /* Frameworks */,
				8B0BFA0F174DEB5600E719CC /* Resources */,
			);
			buildRules = (
			);
			dependencies = (
			);
			name = ArtIMessage;
			productName = ArtIMessage;
			productReference = 8B0BFA11174DEB5600E719CC /* ArtIMessage.app */;
			productType = "com.apple.product-type.application";
		};
/* End PBXNativeTarget section */

/* Begin PBXProject section */
		8B0BFA09174DEB5600E719CC /* Project object */ = {
			isa = PBXProject;
			attributes = {
				CLASSPREFIX = ArtIMessage;
				LastUpgradeCheck = 0460;
				ORGANIZATIONNAME = yishubus;
			};
			buildConfigurationList = 8B0BFA0C174DEB5600E719CC /* Build configuration list for PBXProject "ArtIMessage" */;
			compatibilityVersion = "Xcode 3.2";
			developmentRegion = English;
			hasScannedForEncodings = 0;
			knownRegions = (
				en,
			);
			mainGroup = 8B0BFA08174DEB5600E719CC;
			productRefGroup = 8B0BFA12174DEB5600E719CC /* Products */;
			projectDirPath = "";
			projectRoot = "";
			targets = (
				8B0BFA10174DEB5600E719CC /* ArtIMessage */,
			);
		};
/* End PBXProject section */

/* Begin PBXResourcesBuildPhase section */
		8B0BFA0F174DEB5600E719CC /* Resources */ = {
			isa = PBXResourcesBuildPhase;
			buildActionMask = 2147483647;
			files = (
				8B0BFA1F174DEB5600E719CC /* InfoPlist.strings in Resources */,
				8B0BFA27174DEB5600E719CC /* Default.png in Resources */,
				8B0BFA29174DEB5600E719CC /* Default@2x.png in Resources */,
				8B0BFA2B174DEB5600E719CC /* Default-568h@2x.png in Resources */,
				8B0BFAB8174DEC5800E719CC /* README.txt in Resources */,
				8B0BFABE174DEC5800E719CC /* build-libidn.sh in Resources */,
				8B0BFB2D174E081B00E719CC /* bar1.png in Resources */,
				8B0BFB2E174E081B00E719CC /* bar1@2x.png in Resources */,
				8B0BFB33174E0E9900E719CC /* IMMessageViewController.xib in Resources */,
				8B0BFB38174E180100E719CC /* IMAddressBookController.xib in Resources */,
				8B0BFB51174F3C4D00E719CC /* LoginViewController.xib in Resources */,
			);
			runOnlyForDeploymentPostprocessing = 0;
		};
/* End PBXResourcesBuildPhase section */

/* Begin PBXSourcesBuildPhase section */
		8B0BFA0D174DEB5600E719CC /* Sources */ = {
			isa = PBXSourcesBuildPhase;
			buildActionMask = 2147483647;
			files = (
				8B0BFA21174DEB5600E719CC /* main.m in Sources */,
				8B0BFA25174DEB5600E719CC /* ArtIMessageAppDelegate.m in Sources */,
				8B0BFA99174DEC5800E719CC /* XMPPAnonymousAuthentication.m in Sources */,
				8B0BFA9A174DEC5800E719CC /* XMPPDeprecatedDigestAuthentication.m in Sources */,
				8B0BFA9B174DEC5800E719CC /* XMPPDeprecatedPlainAuthentication.m in Sources */,
				8B0BFA9C174DEC5800E719CC /* XMPPDigestMD5Authentication.m in Sources */,
				8B0BFA9D174DEC5800E719CC /* XMPPPlainAuthentication.m in Sources */,
				8B0BFA9E174DEC5800E719CC /* XMPPXFacebookPlatformAuthentication.m in Sources */,
				8B0BFA9F174DEC5800E719CC /* NSData+XMPP.m in Sources */,
				8B0BFAA0174DEC5800E719CC /* NSNumber+XMPP.m in Sources */,
				8B0BFAA1174DEC5800E719CC /* NSXMLElement+XMPP.m in Sources */,
				8B0BFAA2174DEC5800E719CC /* XMPPElement.m in Sources */,
				8B0BFAA3174DEC5800E719CC /* XMPPIQ.m in Sources */,
				8B0BFAA4174DEC5800E719CC /* XMPPJID.m in Sources */,
				8B0BFAA5174DEC5800E719CC /* XMPPMessage.m in Sources */,
				8B0BFAA6174DEC5800E719CC /* XMPPModule.m in Sources */,
				8B0BFAA7174DEC5800E719CC /* XMPPParser.m in Sources */,
				8B0BFAA8174DEC5800E719CC /* XMPPPresence.m in Sources */,
				8B0BFAA9174DEC5800E719CC /* XMPPStream.m in Sources */,
				8B0BFAAA174DEC5800E719CC /* DDList.m in Sources */,
				8B0BFAAB174DEC5800E719CC /* GCDMulticastDelegate.m in Sources */,
				8B0BFAAC174DEC5800E719CC /* LibIDN.m in Sources */,
				8B0BFAAD174DEC5800E719CC /* RFImageToDataTransformer.m in Sources */,
				8B0BFAAE174DEC5800E719CC /* XMPPIDTracker.m in Sources */,
				8B0BFAAF174DEC5800E719CC /* XMPPSRVResolver.m in Sources */,
				8B0BFAB0174DEC5800E719CC /* GCDAsyncSocket.m in Sources */,
				8B0BFAB1174DEC5800E719CC /* DDAbstractDatabaseLogger.m in Sources */,
				8B0BFAB2174DEC5800E719CC /* DDASLLogger.m in Sources */,
				8B0BFAB3174DEC5800E719CC /* DDFileLogger.m in Sources */,
				8B0BFAB4174DEC5800E719CC /* DDLog.m in Sources */,
				8B0BFAB5174DEC5800E719CC /* DDTTYLogger.m in Sources */,
				8B0BFAB6174DEC5800E719CC /* ContextFilterLogFormatter.m in Sources */,
				8B0BFAB7174DEC5800E719CC /* DispatchQueueLogFormatter.m in Sources */,
				8B0BFABA174DEC5800E719CC /* NSString+DDXML.m in Sources */,
				8B0BFABB174DEC5800E719CC /* DDXMLDocument.m in Sources */,
				8B0BFABC174DEC5800E719CC /* DDXMLElement.m in Sources */,
				8B0BFABD174DEC5800E719CC /* DDXMLNode.m in Sources */,
				8B0BFB1B174DF8CE00E719CC /* ArtIMessageViewController.m in Sources */,
				8B0BFB29174E058E00E719CC /* IMMessageViewController.m in Sources */,
				8B0BFB37174E180100E719CC /* IMAddressBookController.m in Sources */,
				8B0BFB3B174F04D900E719CC /* RequestURL.m in Sources */,
				8B0BFB42174F0AB300E719CC /* AddressBook.m in Sources */,
				8B0BFB50174F3C4D00E719CC /* LoginViewController.m in Sources */,
				8B9D36201755DDFD002DE0DC /* ASIAuthenticationDialog.m in Sources */,
				8B9D36211755DDFD002DE0DC /* ASIDataCompressor.m in Sources */,
				8B9D36221755DDFD002DE0DC /* ASIDataDecompressor.m in Sources */,
				8B9D36231755DDFD002DE0DC /* ASIDownloadCache.m in Sources */,
				8B9D36241755DDFD002DE0DC /* ASIFormDataRequest.m in Sources */,
				8B9D36251755DDFD002DE0DC /* ASIHTTPRequest.m in Sources */,
				8B9D36261755DDFD002DE0DC /* ASIInputStream.m in Sources */,
				8B9D36271755DDFD002DE0DC /* ASINetworkQueue.m in Sources */,
				8B9D36281755DDFD002DE0DC /* Reachability.m in Sources */,
				8B9D362C1755DE08002DE0DC /* JSONKit.m in Sources */,
				8B9D36461755FC83002DE0DC /* ArtIMessageService.m in Sources */,
				8B9D36491755FD3B002DE0DC /* NetWorkData.m in Sources */,
			);
			runOnlyForDeploymentPostprocessing = 0;
		};
/* End PBXSourcesBuildPhase section */

/* Begin PBXVariantGroup section */
		8B0BFA1D174DEB5600E719CC /* InfoPlist.strings */ = {
			isa = PBXVariantGroup;
			children = (
				8B0BFA1E174DEB5600E719CC /* en */,
			);
			name = InfoPlist.strings;
			sourceTree = "<group>";
		};
/* End PBXVariantGroup section */

/* Begin XCBuildConfiguration section */
		8B0BFA2C174DEB5600E719CC /* Debug */ = {
			isa = XCBuildConfiguration;
			buildSettings = {
				ALWAYS_SEARCH_USER_PATHS = NO;
				CLANG_CXX_LANGUAGE_STANDARD = "gnu++0x";
				CLANG_CXX_LIBRARY = "libc++";
				CLANG_ENABLE_OBJC_ARC = YES;
				CLANG_WARN_CONSTANT_CONVERSION = YES;
				CLANG_WARN_EMPTY_BODY = YES;
				CLANG_WARN_ENUM_CONVERSION = YES;
				CLANG_WARN_INT_CONVERSION = YES;
				CLANG_WARN__DUPLICATE_METHOD_MATCH = YES;
				"CODE_SIGN_IDENTITY[sdk=iphoneos*]" = "iPhone Developer";
				COPY_PHASE_STRIP = NO;
				GCC_C_LANGUAGE_STANDARD = gnu99;
				GCC_DYNAMIC_NO_PIC = NO;
				GCC_OPTIMIZATION_LEVEL = 0;
				GCC_PREPROCESSOR_DEFINITIONS = (
					"DEBUG=1",
					"$(inherited)",
				);
				GCC_SYMBOLS_PRIVATE_EXTERN = NO;
				GCC_WARN_ABOUT_RETURN_TYPE = YES;
				GCC_WARN_UNINITIALIZED_AUTOS = YES;
				GCC_WARN_UNUSED_VARIABLE = YES;
				IPHONEOS_DEPLOYMENT_TARGET = 6.1;
				ONLY_ACTIVE_ARCH = YES;
				SDKROOT = iphoneos;
			};
			name = Debug;
		};
		8B0BFA2D174DEB5600E719CC /* Release */ = {
			isa = XCBuildConfiguration;
			buildSettings = {
				ALWAYS_SEARCH_USER_PATHS = NO;
				CLANG_CXX_LANGUAGE_STANDARD = "gnu++0x";
				CLANG_CXX_LIBRARY = "libc++";
				CLANG_ENABLE_OBJC_ARC = YES;
				CLANG_WARN_CONSTANT_CONVERSION = YES;
				CLANG_WARN_EMPTY_BODY = YES;
				CLANG_WARN_ENUM_CONVERSION = YES;
				CLANG_WARN_INT_CONVERSION = YES;
				CLANG_WARN__DUPLICATE_METHOD_MATCH = YES;
				"CODE_SIGN_IDENTITY[sdk=iphoneos*]" = "iPhone Developer";
				COPY_PHASE_STRIP = YES;
				GCC_C_LANGUAGE_STANDARD = gnu99;
				GCC_WARN_ABOUT_RETURN_TYPE = YES;
				GCC_WARN_UNINITIALIZED_AUTOS = YES;
				GCC_WARN_UNUSED_VARIABLE = YES;
				IPHONEOS_DEPLOYMENT_TARGET = 6.1;
				OTHER_CFLAGS = "-DNS_BLOCK_ASSERTIONS=1";
				SDKROOT = iphoneos;
				VALIDATE_PRODUCT = YES;
			};
			name = Release;
		};
		8B0BFA2F174DEB5600E719CC /* Debug */ = {
			isa = XCBuildConfiguration;
			buildSettings = {
				GCC_PRECOMPILE_PREFIX_HEADER = YES;
				GCC_PREFIX_HEADER = "ArtIMessage/ArtIMessage-Prefix.pch";
				HEADER_SEARCH_PATHS = /usr/include/libxml2;
				INFOPLIST_FILE = "ArtIMessage/ArtIMessage-Info.plist";
				LIBRARY_SEARCH_PATHS = (
					"$(inherited)",
					"\"$(SRCROOT)/Vendor/libidn\"",
				);
				PRODUCT_NAME = "$(TARGET_NAME)";
				WRAPPER_EXTENSION = app;
			};
			name = Debug;
		};
		8B0BFA30174DEB5600E719CC /* Release */ = {
			isa = XCBuildConfiguration;
			buildSettings = {
				GCC_PRECOMPILE_PREFIX_HEADER = YES;
				GCC_PREFIX_HEADER = "ArtIMessage/ArtIMessage-Prefix.pch";
				HEADER_SEARCH_PATHS = /usr/include/libxml2;
				INFOPLIST_FILE = "ArtIMessage/ArtIMessage-Info.plist";
				LIBRARY_SEARCH_PATHS = (
					"$(inherited)",
					"\"$(SRCROOT)/Vendor/libidn\"",
				);
				PRODUCT_NAME = "$(TARGET_NAME)";
				WRAPPER_EXTENSION = app;
			};
			name = Release;
		};
/* End XCBuildConfiguration section */

/* Begin XCConfigurationList section */
		8B0BFA0C174DEB5600E719CC /* Build configuration list for PBXProject "ArtIMessage" */ = {
			isa = XCConfigurationList;
			buildConfigurations = (
				8B0BFA2C174DEB5600E719CC /* Debug */,
				8B0BFA2D174DEB5600E719CC /* Release */,
			);
			defaultConfigurationIsVisible = 0;
			defaultConfigurationName = Release;
		};
		8B0BFA2E174DEB5600E719CC /* Build configuration list for PBXNativeTarget "ArtIMessage" */ = {
			isa = XCConfigurationList;
			buildConfigurations = (
				8B0BFA2F174DEB5600E719CC /* Debug */,
				8B0BFA30174DEB5600E719CC /* Release */,
			);
			defaultConfigurationIsVisible = 0;
			defaultConfigurationName = Release;
		};
/* End XCConfigurationList section */
	};
	rootObject = 8B0BFA09174DEB5600E719CC /* Project object */;
}
